
Microsoft Visual Studio Solution File, Format Version 12.00
# Visual Studio 15
VisualStudioVersion = 15.0.27004.2009
MinimumVisualStudioVersion = 10.0.40219.1
Project("{FAE04EC0-301F-11D3-BF4B-00C04F79EFBC}") = "SharpSerializer.Library", "SharpSerializer.Library\SharpSerializer.Library.csproj", "{88AB738F-7A36-4C93-B808-B6CE2D3444B2}"
EndProject
Project("{FAE04EC0-301F-11D3-BF4B-00C04F79EFBC}") = "SharpSerializer.Library.NetStandard20", "SharpSerializer.Library.NetStandard20\SharpSerializer.Library.NetStandard20.csproj", "{C3D75EF0-D781-42DB-A9B7-159506C74377}"
EndProject
Project("{FAE04EC0-301F-11D3-BF4B-00C04F79EFBC}") = "SharpSerializer.Library.XamarinIOS", "SharpSerializer.Library.XamarinIOS\SharpSerializer.Library.XamarinIOS.csproj", "{C1CE139D-66C4-42EC-9F0E-2DB9AC2614C2}"
EndProject
Project("{FAE04EC0-301F-11D3-BF4B-00C04F79EFBC}") = "SharpSerializer.Library.XamarinAndroid", "SharpSerializer.Library.XamarinAndroid\SharpSerializer.Library.XamarinAndroid.csproj", "{DE071B9A-EEFA-47D9-AE3B-1F107258973D}"
EndProject
Project("{FAE04EC0-301F-11D3-BF4B-00C04F79EFBC}") = "SharpSerializer.Library.XamarinMacUnified", "SharpSerializer.Library.XamarinMacUnified\SharpSerializer.Library.XamarinMacUnified.csproj", "{666C3B8D-AC16-43B9-9DF3-BD4678144CA0}"
EndProject
Project("{FAE04EC0-301F-11D3-BF4B-00C04F79EFBC}") = "SharpSerializer.Library.XamarinMacClassic", "SharpSerializer.Library.XamarinMacClassic\SharpSerializer.Library.XamarinMacClassic.csproj", "{E36BE9A1-AE6C-450E-BB47-D4DC876E2DBD}"
EndProject
Project("{FAE04EC0-301F-11D3-BF4B-00C04F79EFBC}") = "SharpSerializer.Library.XamarinWatchOS", "SharpSerializer.Library.XamarinWatchOS\SharpSerializer.Library.XamarinWatchOS.csproj", "{46CD62E1-FD60-4A8B-93B8-9CC9751AFF4B}"
EndProject
Project("{FAE04EC0-301F-11D3-BF4B-00C04F79EFBC}") = "SharpSerializer.Library.XamarinTVOS", "SharpSerializer.Library.XamarinTVOS\SharpSerializer.Library.XamarinTVOS.csproj", "{85A130C7-26BA-470F-B94C-B2ED3FC3DD25}"
EndProject
Project("{FAE04EC0-301F-11D3-BF4B-00C04F79EFBC}") = "SharpSerializer.Library.Portable", "SharpSerializer.Library.Portable\SharpSerializer.Library.Portable.csproj", "{B6D952AE-9DC5-4B3D-8B1C-69F2F8D9C7CB}"
EndProject
Global
	GlobalSection(SolutionConfigurationPlatforms) = preSolution
		Debug|Any CPU = Debug|Any CPU
		Release|Any CPU = Release|Any CPU
	EndGlobalSection
	GlobalSection(ProjectConfigurationPlatforms) = postSolution
		{88AB738F-7A36-4C93-B808-B6CE2D3444B2}.Debug|Any CPU.ActiveCfg = Debug|Any CPU
		{88AB738F-7A36-4C93-B808-B6CE2D3444B2}.Debug|Any CPU.Build.0 = Debug|Any CPU
		{88AB738F-7A36-4C93-B808-B6CE2D3444B2}.Release|Any CPU.ActiveCfg = Release|Any CPU
		{88AB738F-7A36-4C93-B808-B6CE2D3444B2}.Release|Any CPU.Build.0 = Release|Any CPU
		{C3D75EF0-D781-42DB-A9B7-159506C74377}.Debug|Any CPU.ActiveCfg = Debug|Any CPU
		{C3D75EF0-D781-42DB-A9B7-159506C74377}.Debug|Any CPU.Build.0 = Debug|Any CPU
		{C3D75EF0-D781-42DB-A9B7-159506C74377}.Release|Any CPU.ActiveCfg = Release|Any CPU
		{C3D75EF0-D781-42DB-A9B7-159506C74377}.Release|Any CPU.Build.0 = Release|Any CPU
		{C1CE139D-66C4-42EC-9F0E-2DB9AC2614C2}.Debug|Any CPU.ActiveCfg = Debug|Any CPU
		{C1CE139D-66C4-42EC-9F0E-2DB9AC2614C2}.Debug|Any CPU.Build.0 = Debug|Any CPU
		{C1CE139D-66C4-42EC-9F0E-2DB9AC2614C2}.Release|Any CPU.ActiveCfg = Release|Any CPU
		{C1CE139D-66C4-42EC-9F0E-2DB9AC2614C2}.Release|Any CPU.Build.0 = Release|Any CPU
		{DE071B9A-EEFA-47D9-AE3B-1F107258973D}.Debug|Any CPU.ActiveCfg = Debug|Any CPU
		{DE071B9A-EEFA-47D9-AE3B-1F107258973D}.Debug|Any CPU.Build.0 = Debug|Any CPU
		{DE071B9A-EEFA-47D9-AE3B-1F107258973D}.Release|Any CPU.ActiveCfg = Release|Any CPU
		{DE071B9A-EEFA-47D9-AE3B-1F107258973D}.Release|Any CPU.Build.0 = Release|Any CPU
		{666C3B8D-AC16-43B9-9DF3-BD4678144CA0}.Debug|Any CPU.ActiveCfg = Debug|Any CPU
		{666C3B8D-AC16-43B9-9DF3-BD4678144CA0}.Debug|Any CPU.Build.0 = Debug|Any CPU
		{666C3B8D-AC16-43B9-9DF3-BD4678144CA0}.Release|Any CPU.ActiveCfg = Release|Any CPU
		{666C3B8D-AC16-43B9-9DF3-BD4678144CA0}.Release|Any CPU.Build.0 = Release|Any CPU
		{E36BE9A1-AE6C-450E-BB47-D4DC876E2DBD}.Debug|Any CPU.ActiveCfg = Debug|Any CPU
		{E36BE9A1-AE6C-450E-BB47-D4DC876E2DBD}.Debug|Any CPU.Build.0 = Debug|Any CPU
		{E36BE9A1-AE6C-450E-BB47-D4DC876E2DBD}.Release|Any CPU.ActiveCfg = Release|Any CPU
		{E36BE9A1-AE6C-450E-BB47-D4DC876E2DBD}.Release|Any CPU.Build.0 = Release|Any CPU
		{46CD62E1-FD60-4A8B-93B8-9CC9751AFF4B}.Debug|Any CPU.ActiveCfg = Debug|Any CPU
		{46CD62E1-FD60-4A8B-93B8-9CC9751AFF4B}.Debug|Any CPU.Build.0 = Debug|Any CPU
		{46CD62E1-FD60-4A8B-93B8-9CC9751AFF4B}.Release|Any CPU.ActiveCfg = Release|Any CPU
		{46CD62E1-FD60-4A8B-93B8-9CC9751AFF4B}.Release|Any CPU.Build.0 = Release|Any CPU
		{85A130C7-26BA-470F-B94C-B2ED3FC3DD25}.Debug|Any CPU.ActiveCfg = Debug|Any CPU
		{85A130C7-26BA-470F-B94C-B2ED3FC3DD25}.Debug|Any CPU.Build.0 = Debug|Any CPU
		{85A130C7-26BA-470F-B94C-B2ED3FC3DD25}.Release|Any CPU.ActiveCfg = Release|Any CPU
		{85A130C7-26BA-470F-B94C-B2ED3FC3DD25}.Release|Any CPU.Build.0 = Release|Any CPU
		{B6D952AE-9DC5-4B3D-8B1C-69F2F8D9C7CB}.Debug|Any CPU.ActiveCfg = Debug|Any CPU
		{B6D952AE-9DC5-4B3D-8B1C-69F2F8D9C7CB}.Debug|Any CPU.Build.0 = Debug|Any CPU
		{B6D952AE-9DC5-4B3D-8B1C-69F2F8D9C7CB}.Release|Any CPU.ActiveCfg = Release|Any CPU
		{B6D952AE-9DC5-4B3D-8B1C-69F2F8D9C7CB}.Release|Any CPU.Build.0 = Release|Any CPU
	EndGlobalSection
EndGlobal
